
Microsoft Visual Studio Solution File, Format Version 12.00
# Visual Studio Version 16
VisualStudioVersion = 16.0.30011.22
MinimumVisualStudioVersion = 10.0.40219.1
Project("{FAE04EC0-301F-11D3-BF4B-00C04F79EFBC}") = "HeBianGu.App.SocketTool", "..\Source\App\HeBianGu.App.SocketTool\HeBianGu.App.SocketTool.csproj", "{9153CDB2-72DA-4104-85B0-87EA9708EB7C}"
EndProject
Project("{2150E333-8FDC-42A3-9474-1A3956D46DE8}") = "1 - App", "1 - App", "{09E849A2-C493-45CE-84A1-04E3A8EAE55F}"
EndProject
Project("{2150E333-8FDC-42A3-9474-1A3956D46DE8}") = "2 - General", "2 - General", "{8FCDA3CF-51E1-4183-A50C-071D70EBB29D}"
EndProject
Project("{2150E333-8FDC-42A3-9474-1A3956D46DE8}") = "3 - Base", "3 - Base", "{35C76DD9-ECF3-4493-9A26-D0EDF794D004}"
EndProject
Global
	GlobalSection(SolutionConfigurationPlatforms) = preSolution
		Debug|Any CPU = Debug|Any CPU
		Release|Any CPU = Release|Any CPU
	EndGlobalSection
	GlobalSection(ProjectConfigurationPlatforms) = postSolution
		{9153CDB2-72DA-4104-85B0-87EA9708EB7C}.Debug|Any CPU.ActiveCfg = Debug|Any CPU
		{9153CDB2-72DA-4104-85B0-87EA9708EB7C}.Debug|Any CPU.Build.0 = Debug|Any CPU
		{9153CDB2-72DA-4104-85B0-87EA9708EB7C}.Release|Any CPU.ActiveCfg = Release|Any CPU
		{9153CDB2-72DA-4104-85B0-87EA9708EB7C}.Release|Any CPU.Build.0 = Release|Any CPU
	EndGlobalSection
	GlobalSection(SolutionProperties) = preSolution
		HideSolutionNode = FALSE
	EndGlobalSection
	GlobalSection(NestedProjects) = preSolution
		{9153CDB2-72DA-4104-85B0-87EA9708EB7C} = {09E849A2-C493-45CE-84A1-04E3A8EAE55F}
	EndGlobalSection
	GlobalSection(ExtensibilityGlobals) = postSolution
		SolutionGuid = {60099942-6F1D-4166-9112-A8D950C86E05}
	EndGlobalSection
EndGlobal
